
Microsoft Visual Studio Solution File, Format Version 12.00
# Visual Studio Version 16
VisualStudioVersion = 16.0.29613.14
MinimumVisualStudioVersion = 10.0.40219.1
Project("{FAE04EC0-301F-11D3-BF4B-00C04F79EFBC}") = "WA.ExMethods", "WA.ExMethods\WA.ExMethods.csproj", "{4BDA0ACF-9E2C-4409-9013-E755BFF057F6}"
EndProject
Project("{FAE04EC0-301F-11D3-BF4B-00C04F79EFBC}") = "WA.ExMethods.Tests", "WA.ExMethods.Tests\WA.ExMethods.Tests.csproj", "{6A46A347-8DF7-4C19-AE16-814012D0F6C8}"
EndProject
Global
	GlobalSection(SolutionConfigurationPlatforms) = preSolution
		Debug|Any CPU = Debug|Any CPU
		Release|Any CPU = Release|Any CPU
	EndGlobalSection
	GlobalSection(ProjectConfigurationPlatforms) = postSolution
		{4BDA0ACF-9E2C-4409-9013-E755BFF057F6}.Debug|Any CPU.ActiveCfg = Debug|Any CPU
		{4BDA0ACF-9E2C-4409-9013-E755BFF057F6}.Debug|Any CPU.Build.0 = Debug|Any CPU
		{4BDA0ACF-9E2C-4409-9013-E755BFF057F6}.Release|Any CPU.ActiveCfg = Release|Any CPU
		{4BDA0ACF-9E2C-4409-9013-E755BFF057F6}.Release|Any CPU.Build.0 = Release|Any CPU
		{6A46A347-8DF7-4C19-AE16-814012D0F6C8}.Debug|Any CPU.ActiveCfg = Debug|Any CPU
		{6A46A347-8DF7-4C19-AE16-814012D0F6C8}.Debug|Any CPU.Build.0 = Debug|Any CPU
		{6A46A347-8DF7-4C19-AE16-814012D0F6C8}.Release|Any CPU.ActiveCfg = Release|Any CPU
		{6A46A347-8DF7-4C19-AE16-814012D0F6C8}.Release|Any CPU.Build.0 = Release|Any CPU
	EndGlobalSection
	GlobalSection(SolutionProperties) = preSolution
		HideSolutionNode = FALSE
	EndGlobalSection
	GlobalSection(ExtensibilityGlobals) = postSolution
		SolutionGuid = {1398150D-F442-4DBC-A5BC-084D1FEA0515}
	EndGlobalSection
EndGlobal
